
Microsoft Visual Studio Solution File, Format Version 12.00
# Visual Studio Version 16
VisualStudioVersion = 16.0.32106.194
MinimumVisualStudioVersion = 10.0.40219.1
Project("{FAE04EC0-301F-11D3-BF4B-00C04F79EFBC}") = "9376 탈옥", "9376 탈옥\9376 탈옥.csproj", "{45D45645-3539-4033-90FA-FB60319AC35C}"
EndProject
Global
	GlobalSection(SolutionConfigurationPlatforms) = preSolution
		Debug|Any CPU = Debug|Any CPU
		Release|Any CPU = Release|Any CPU
	EndGlobalSection
	GlobalSection(ProjectConfigurationPlatforms) = postSolution
		{45D45645-3539-4033-90FA-FB60319AC35C}.Debug|Any CPU.ActiveCfg = Debug|Any CPU
		{45D45645-3539-4033-90FA-FB60319AC35C}.Debug|Any CPU.Build.0 = Debug|Any CPU
		{45D45645-3539-4033-90FA-FB60319AC35C}.Release|Any CPU.ActiveCfg = Release|Any CPU
		{45D45645-3539-4033-90FA-FB60319AC35C}.Release|Any CPU.Build.0 = Release|Any CPU
	EndGlobalSection
	GlobalSection(SolutionProperties) = preSolution
		HideSolutionNode = FALSE
	EndGlobalSection
	GlobalSection(ExtensibilityGlobals) = postSolution
		SolutionGuid = {D8A7F0D5-E75B-4B0E-803D-3C2775C8D9B6}
	EndGlobalSection
EndGlobal
