
Microsoft Visual Studio Solution File, Format Version 12.00
# Visual Studio Version 16
VisualStudioVersion = 16.0.32106.194
MinimumVisualStudioVersion = 10.0.40219.1
Project("{FAE04EC0-301F-11D3-BF4B-00C04F79EFBC}") = "2606 바이러스", "2606 바이러스\2606 바이러스.csproj", "{F001F820-C459-4BC1-BC99-4F285953D28F}"
EndProject
Global
	GlobalSection(SolutionConfigurationPlatforms) = preSolution
		Debug|Any CPU = Debug|Any CPU
		Release|Any CPU = Release|Any CPU
	EndGlobalSection
	GlobalSection(ProjectConfigurationPlatforms) = postSolution
		{F001F820-C459-4BC1-BC99-4F285953D28F}.Debug|Any CPU.ActiveCfg = Debug|Any CPU
		{F001F820-C459-4BC1-BC99-4F285953D28F}.Debug|Any CPU.Build.0 = Debug|Any CPU
		{F001F820-C459-4BC1-BC99-4F285953D28F}.Release|Any CPU.ActiveCfg = Release|Any CPU
		{F001F820-C459-4BC1-BC99-4F285953D28F}.Release|Any CPU.Build.0 = Release|Any CPU
	EndGlobalSection
	GlobalSection(SolutionProperties) = preSolution
		HideSolutionNode = FALSE
	EndGlobalSection
	GlobalSection(ExtensibilityGlobals) = postSolution
		SolutionGuid = {33311208-B3E1-4E48-873C-FDB1E40A1EC1}
	EndGlobalSection
EndGlobal
