
Microsoft Visual Studio Solution File, Format Version 12.00
# Visual Studio Version 16
VisualStudioVersion = 16.0.32228.343
MinimumVisualStudioVersion = 10.0.40219.1
Project("{FAE04EC0-301F-11D3-BF4B-00C04F79EFBC}") = "2658 직각이등변삼각형찾기", "2658 직각이등변삼각형찾기\2658 직각이등변삼각형찾기.csproj", "{68B0207A-9F5C-4ED8-8447-081C58C72D4E}"
EndProject
Global
	GlobalSection(SolutionConfigurationPlatforms) = preSolution
		Debug|Any CPU = Debug|Any CPU
		Release|Any CPU = Release|Any CPU
	EndGlobalSection
	GlobalSection(ProjectConfigurationPlatforms) = postSolution
		{68B0207A-9F5C-4ED8-8447-081C58C72D4E}.Debug|Any CPU.ActiveCfg = Debug|Any CPU
		{68B0207A-9F5C-4ED8-8447-081C58C72D4E}.Debug|Any CPU.Build.0 = Debug|Any CPU
		{68B0207A-9F5C-4ED8-8447-081C58C72D4E}.Release|Any CPU.ActiveCfg = Release|Any CPU
		{68B0207A-9F5C-4ED8-8447-081C58C72D4E}.Release|Any CPU.Build.0 = Release|Any CPU
	EndGlobalSection
	GlobalSection(SolutionProperties) = preSolution
		HideSolutionNode = FALSE
	EndGlobalSection
	GlobalSection(ExtensibilityGlobals) = postSolution
		SolutionGuid = {8EAC3F0B-F2D7-4140-8542-BEFF45F2FEA4}
	EndGlobalSection
EndGlobal
