
Microsoft Visual Studio Solution File, Format Version 12.00
# Visual Studio Version 16
VisualStudioVersion = 16.0.32106.194
MinimumVisualStudioVersion = 10.0.40219.1
Project("{FAE04EC0-301F-11D3-BF4B-00C04F79EFBC}") = "11724 연결 요소의 개수", "11724 연결 요소의 개수\11724 연결 요소의 개수.csproj", "{42BDCDF9-220E-469E-9193-26047CA562D1}"
EndProject
Global
	GlobalSection(SolutionConfigurationPlatforms) = preSolution
		Debug|Any CPU = Debug|Any CPU
		Release|Any CPU = Release|Any CPU
	EndGlobalSection
	GlobalSection(ProjectConfigurationPlatforms) = postSolution
		{42BDCDF9-220E-469E-9193-26047CA562D1}.Debug|Any CPU.ActiveCfg = Debug|Any CPU
		{42BDCDF9-220E-469E-9193-26047CA562D1}.Debug|Any CPU.Build.0 = Debug|Any CPU
		{42BDCDF9-220E-469E-9193-26047CA562D1}.Release|Any CPU.ActiveCfg = Release|Any CPU
		{42BDCDF9-220E-469E-9193-26047CA562D1}.Release|Any CPU.Build.0 = Release|Any CPU
	EndGlobalSection
	GlobalSection(SolutionProperties) = preSolution
		HideSolutionNode = FALSE
	EndGlobalSection
	GlobalSection(ExtensibilityGlobals) = postSolution
		SolutionGuid = {59BCD6F3-F1DF-4CA4-ACCA-610937C35CB2}
	EndGlobalSection
EndGlobal
