
Microsoft Visual Studio Solution File, Format Version 12.00
# Visual Studio Version 16
VisualStudioVersion = 16.0.32228.343
MinimumVisualStudioVersion = 10.0.40219.1
Project("{FAE04EC0-301F-11D3-BF4B-00C04F79EFBC}") = "2668 숫자고르기", "2668 숫자고르기\2668 숫자고르기.csproj", "{01549FF9-902A-4F01-B095-F2F0B6C1DFA4}"
EndProject
Global
	GlobalSection(SolutionConfigurationPlatforms) = preSolution
		Debug|Any CPU = Debug|Any CPU
		Release|Any CPU = Release|Any CPU
	EndGlobalSection
	GlobalSection(ProjectConfigurationPlatforms) = postSolution
		{01549FF9-902A-4F01-B095-F2F0B6C1DFA4}.Debug|Any CPU.ActiveCfg = Debug|Any CPU
		{01549FF9-902A-4F01-B095-F2F0B6C1DFA4}.Debug|Any CPU.Build.0 = Debug|Any CPU
		{01549FF9-902A-4F01-B095-F2F0B6C1DFA4}.Release|Any CPU.ActiveCfg = Release|Any CPU
		{01549FF9-902A-4F01-B095-F2F0B6C1DFA4}.Release|Any CPU.Build.0 = Release|Any CPU
	EndGlobalSection
	GlobalSection(SolutionProperties) = preSolution
		HideSolutionNode = FALSE
	EndGlobalSection
	GlobalSection(ExtensibilityGlobals) = postSolution
		SolutionGuid = {D6F7D401-A5B4-4534-A118-BBBC7700C109}
	EndGlobalSection
EndGlobal
