
Microsoft Visual Studio Solution File, Format Version 12.00
# Visual Studio Version 16
VisualStudioVersion = 16.0.32228.343
MinimumVisualStudioVersion = 10.0.40219.1
Project("{FAE04EC0-301F-11D3-BF4B-00C04F79EFBC}") = "2660 회장뽑기", "2660 회장뽑기\2660 회장뽑기.csproj", "{AFEAEE05-4F18-40FA-8721-77209C1AEEB5}"
EndProject
Global
	GlobalSection(SolutionConfigurationPlatforms) = preSolution
		Debug|Any CPU = Debug|Any CPU
		Release|Any CPU = Release|Any CPU
	EndGlobalSection
	GlobalSection(ProjectConfigurationPlatforms) = postSolution
		{AFEAEE05-4F18-40FA-8721-77209C1AEEB5}.Debug|Any CPU.ActiveCfg = Debug|Any CPU
		{AFEAEE05-4F18-40FA-8721-77209C1AEEB5}.Debug|Any CPU.Build.0 = Debug|Any CPU
		{AFEAEE05-4F18-40FA-8721-77209C1AEEB5}.Release|Any CPU.ActiveCfg = Release|Any CPU
		{AFEAEE05-4F18-40FA-8721-77209C1AEEB5}.Release|Any CPU.Build.0 = Release|Any CPU
	EndGlobalSection
	GlobalSection(SolutionProperties) = preSolution
		HideSolutionNode = FALSE
	EndGlobalSection
	GlobalSection(ExtensibilityGlobals) = postSolution
		SolutionGuid = {27034620-0D08-49E6-8760-BBB0F1CF8FBF}
	EndGlobalSection
EndGlobal
