
Microsoft Visual Studio Solution File, Format Version 12.00
# Visual Studio Version 16
VisualStudioVersion = 16.0.32126.315
MinimumVisualStudioVersion = 10.0.40219.1
Project("{FAE04EC0-301F-11D3-BF4B-00C04F79EFBC}") = "20162 간식 파티", "20162 간식 파티\20162 간식 파티.csproj", "{9D3BA542-D2A3-4B6A-B8F8-190F26956C9A}"
EndProject
Global
	GlobalSection(SolutionConfigurationPlatforms) = preSolution
		Debug|Any CPU = Debug|Any CPU
		Release|Any CPU = Release|Any CPU
	EndGlobalSection
	GlobalSection(ProjectConfigurationPlatforms) = postSolution
		{9D3BA542-D2A3-4B6A-B8F8-190F26956C9A}.Debug|Any CPU.ActiveCfg = Debug|Any CPU
		{9D3BA542-D2A3-4B6A-B8F8-190F26956C9A}.Debug|Any CPU.Build.0 = Debug|Any CPU
		{9D3BA542-D2A3-4B6A-B8F8-190F26956C9A}.Release|Any CPU.ActiveCfg = Release|Any CPU
		{9D3BA542-D2A3-4B6A-B8F8-190F26956C9A}.Release|Any CPU.Build.0 = Release|Any CPU
	EndGlobalSection
	GlobalSection(SolutionProperties) = preSolution
		HideSolutionNode = FALSE
	EndGlobalSection
	GlobalSection(ExtensibilityGlobals) = postSolution
		SolutionGuid = {B300C1D8-E706-41DA-8B3D-575B43F6AB8E}
	EndGlobalSection
EndGlobal
