
Microsoft Visual Studio Solution File, Format Version 12.00
# Visual Studio Version 16
VisualStudioVersion = 16.0.32106.194
MinimumVisualStudioVersion = 10.0.40219.1
Project("{FAE04EC0-301F-11D3-BF4B-00C04F79EFBC}") = "11051 이항 계수 2", "11051 이항 계수 2\11051 이항 계수 2.csproj", "{119051AA-C72E-4617-A76D-16E00ED5D0B0}"
EndProject
Global
	GlobalSection(SolutionConfigurationPlatforms) = preSolution
		Debug|Any CPU = Debug|Any CPU
		Release|Any CPU = Release|Any CPU
	EndGlobalSection
	GlobalSection(ProjectConfigurationPlatforms) = postSolution
		{119051AA-C72E-4617-A76D-16E00ED5D0B0}.Debug|Any CPU.ActiveCfg = Debug|Any CPU
		{119051AA-C72E-4617-A76D-16E00ED5D0B0}.Debug|Any CPU.Build.0 = Debug|Any CPU
		{119051AA-C72E-4617-A76D-16E00ED5D0B0}.Release|Any CPU.ActiveCfg = Release|Any CPU
		{119051AA-C72E-4617-A76D-16E00ED5D0B0}.Release|Any CPU.Build.0 = Release|Any CPU
	EndGlobalSection
	GlobalSection(SolutionProperties) = preSolution
		HideSolutionNode = FALSE
	EndGlobalSection
	GlobalSection(ExtensibilityGlobals) = postSolution
		SolutionGuid = {7B441D4B-9F3F-4694-9A9B-6F6F96576F30}
	EndGlobalSection
EndGlobal
