
Microsoft Visual Studio Solution File, Format Version 12.00
# Visual Studio Version 16
VisualStudioVersion = 16.0.32106.194
MinimumVisualStudioVersion = 10.0.40219.1
Project("{FAE04EC0-301F-11D3-BF4B-00C04F79EFBC}") = "4963 섬의 개수", "4963 섬의 개수\4963 섬의 개수.csproj", "{0C812533-A3BD-439B-99AD-0F61B77D67A9}"
EndProject
Global
	GlobalSection(SolutionConfigurationPlatforms) = preSolution
		Debug|Any CPU = Debug|Any CPU
		Release|Any CPU = Release|Any CPU
	EndGlobalSection
	GlobalSection(ProjectConfigurationPlatforms) = postSolution
		{0C812533-A3BD-439B-99AD-0F61B77D67A9}.Debug|Any CPU.ActiveCfg = Debug|Any CPU
		{0C812533-A3BD-439B-99AD-0F61B77D67A9}.Debug|Any CPU.Build.0 = Debug|Any CPU
		{0C812533-A3BD-439B-99AD-0F61B77D67A9}.Release|Any CPU.ActiveCfg = Release|Any CPU
		{0C812533-A3BD-439B-99AD-0F61B77D67A9}.Release|Any CPU.Build.0 = Release|Any CPU
	EndGlobalSection
	GlobalSection(SolutionProperties) = preSolution
		HideSolutionNode = FALSE
	EndGlobalSection
	GlobalSection(ExtensibilityGlobals) = postSolution
		SolutionGuid = {120D171F-EA9A-4E9F-B808-036D2D0E5BDA}
	EndGlobalSection
EndGlobal
