
Microsoft Visual Studio Solution File, Format Version 12.00
# Visual Studio Version 16
VisualStudioVersion = 16.0.32106.194
MinimumVisualStudioVersion = 10.0.40219.1
Project("{FAE04EC0-301F-11D3-BF4B-00C04F79EFBC}") = "3197 백조의 호수", "3197 백조의 호수\3197 백조의 호수.csproj", "{F70EBFFF-EA90-4D59-A3A9-138C6C585AB0}"
EndProject
Global
	GlobalSection(SolutionConfigurationPlatforms) = preSolution
		Debug|Any CPU = Debug|Any CPU
		Release|Any CPU = Release|Any CPU
	EndGlobalSection
	GlobalSection(ProjectConfigurationPlatforms) = postSolution
		{F70EBFFF-EA90-4D59-A3A9-138C6C585AB0}.Debug|Any CPU.ActiveCfg = Debug|Any CPU
		{F70EBFFF-EA90-4D59-A3A9-138C6C585AB0}.Debug|Any CPU.Build.0 = Debug|Any CPU
		{F70EBFFF-EA90-4D59-A3A9-138C6C585AB0}.Release|Any CPU.ActiveCfg = Release|Any CPU
		{F70EBFFF-EA90-4D59-A3A9-138C6C585AB0}.Release|Any CPU.Build.0 = Release|Any CPU
	EndGlobalSection
	GlobalSection(SolutionProperties) = preSolution
		HideSolutionNode = FALSE
	EndGlobalSection
	GlobalSection(ExtensibilityGlobals) = postSolution
		SolutionGuid = {793B001F-CD3D-40EC-925E-4D15EE963676}
	EndGlobalSection
EndGlobal
