
Microsoft Visual Studio Solution File, Format Version 12.00
# Visual Studio Version 16
VisualStudioVersion = 16.0.32106.194
MinimumVisualStudioVersion = 10.0.40219.1
Project("{FAE04EC0-301F-11D3-BF4B-00C04F79EFBC}") = "7569 토마토", "7569 토마토\7569 토마토.csproj", "{861C796E-FCE6-43CA-97D9-031A0C84916F}"
EndProject
Global
	GlobalSection(SolutionConfigurationPlatforms) = preSolution
		Debug|Any CPU = Debug|Any CPU
		Release|Any CPU = Release|Any CPU
	EndGlobalSection
	GlobalSection(ProjectConfigurationPlatforms) = postSolution
		{861C796E-FCE6-43CA-97D9-031A0C84916F}.Debug|Any CPU.ActiveCfg = Debug|Any CPU
		{861C796E-FCE6-43CA-97D9-031A0C84916F}.Debug|Any CPU.Build.0 = Debug|Any CPU
		{861C796E-FCE6-43CA-97D9-031A0C84916F}.Release|Any CPU.ActiveCfg = Release|Any CPU
		{861C796E-FCE6-43CA-97D9-031A0C84916F}.Release|Any CPU.Build.0 = Release|Any CPU
	EndGlobalSection
	GlobalSection(SolutionProperties) = preSolution
		HideSolutionNode = FALSE
	EndGlobalSection
	GlobalSection(ExtensibilityGlobals) = postSolution
		SolutionGuid = {E2AF49D9-9B2A-4BE7-A585-58A893C45A07}
	EndGlobalSection
EndGlobal
