
Microsoft Visual Studio Solution File, Format Version 12.00
# Visual Studio Version 16
VisualStudioVersion = 16.0.32126.315
MinimumVisualStudioVersion = 10.0.40219.1
Project("{FAE04EC0-301F-11D3-BF4B-00C04F79EFBC}") = "5014 스타트링크", "5014 스타트링크\5014 스타트링크.csproj", "{4AB49B5B-D7D5-48A9-A687-69A3B83F7787}"
EndProject
Global
	GlobalSection(SolutionConfigurationPlatforms) = preSolution
		Debug|Any CPU = Debug|Any CPU
		Release|Any CPU = Release|Any CPU
	EndGlobalSection
	GlobalSection(ProjectConfigurationPlatforms) = postSolution
		{4AB49B5B-D7D5-48A9-A687-69A3B83F7787}.Debug|Any CPU.ActiveCfg = Debug|Any CPU
		{4AB49B5B-D7D5-48A9-A687-69A3B83F7787}.Debug|Any CPU.Build.0 = Debug|Any CPU
		{4AB49B5B-D7D5-48A9-A687-69A3B83F7787}.Release|Any CPU.ActiveCfg = Release|Any CPU
		{4AB49B5B-D7D5-48A9-A687-69A3B83F7787}.Release|Any CPU.Build.0 = Release|Any CPU
	EndGlobalSection
	GlobalSection(SolutionProperties) = preSolution
		HideSolutionNode = FALSE
	EndGlobalSection
	GlobalSection(ExtensibilityGlobals) = postSolution
		SolutionGuid = {F2C4AFFC-793C-458A-A7C7-F9B8476191D3}
	EndGlobalSection
EndGlobal
