
Microsoft Visual Studio Solution File, Format Version 12.00
# Visual Studio Version 16
VisualStudioVersion = 16.0.32106.194
MinimumVisualStudioVersion = 10.0.40219.1
Project("{FAE04EC0-301F-11D3-BF4B-00C04F79EFBC}") = "2933 미네랄", "2933 미네랄\2933 미네랄.csproj", "{32202498-7F8D-4C41-97F2-C3AEC1F72182}"
EndProject
Global
	GlobalSection(SolutionConfigurationPlatforms) = preSolution
		Debug|Any CPU = Debug|Any CPU
		Release|Any CPU = Release|Any CPU
	EndGlobalSection
	GlobalSection(ProjectConfigurationPlatforms) = postSolution
		{32202498-7F8D-4C41-97F2-C3AEC1F72182}.Debug|Any CPU.ActiveCfg = Debug|Any CPU
		{32202498-7F8D-4C41-97F2-C3AEC1F72182}.Debug|Any CPU.Build.0 = Debug|Any CPU
		{32202498-7F8D-4C41-97F2-C3AEC1F72182}.Release|Any CPU.ActiveCfg = Release|Any CPU
		{32202498-7F8D-4C41-97F2-C3AEC1F72182}.Release|Any CPU.Build.0 = Release|Any CPU
	EndGlobalSection
	GlobalSection(SolutionProperties) = preSolution
		HideSolutionNode = FALSE
	EndGlobalSection
	GlobalSection(ExtensibilityGlobals) = postSolution
		SolutionGuid = {A51B3398-8224-4FC9-84B6-0520D603B972}
	EndGlobalSection
EndGlobal
