
Microsoft Visual Studio Solution File, Format Version 12.00
# Visual Studio Version 16
VisualStudioVersion = 16.0.32106.194
MinimumVisualStudioVersion = 10.0.40219.1
Project("{FAE04EC0-301F-11D3-BF4B-00C04F79EFBC}") = "1260 DFS와 BFS", "1260 DFS와 BFS\1260 DFS와 BFS.csproj", "{4507B2D0-8929-4D9B-B8B9-D7A77085E06A}"
EndProject
Global
	GlobalSection(SolutionConfigurationPlatforms) = preSolution
		Debug|Any CPU = Debug|Any CPU
		Release|Any CPU = Release|Any CPU
	EndGlobalSection
	GlobalSection(ProjectConfigurationPlatforms) = postSolution
		{4507B2D0-8929-4D9B-B8B9-D7A77085E06A}.Debug|Any CPU.ActiveCfg = Debug|Any CPU
		{4507B2D0-8929-4D9B-B8B9-D7A77085E06A}.Debug|Any CPU.Build.0 = Debug|Any CPU
		{4507B2D0-8929-4D9B-B8B9-D7A77085E06A}.Release|Any CPU.ActiveCfg = Release|Any CPU
		{4507B2D0-8929-4D9B-B8B9-D7A77085E06A}.Release|Any CPU.Build.0 = Release|Any CPU
	EndGlobalSection
	GlobalSection(SolutionProperties) = preSolution
		HideSolutionNode = FALSE
	EndGlobalSection
	GlobalSection(ExtensibilityGlobals) = postSolution
		SolutionGuid = {6001C35A-9C63-4B5C-B813-4FD3E9CFC5FC}
	EndGlobalSection
EndGlobal
