
Microsoft Visual Studio Solution File, Format Version 12.00
# Visual Studio Version 16
VisualStudioVersion = 16.0.32510.428
MinimumVisualStudioVersion = 10.0.40219.1
Project("{FAE04EC0-301F-11D3-BF4B-00C04F79EFBC}") = "13460 구슬 탈출 2", "13460 구슬 탈출 2.csproj", "{BAD1C661-6489-4FE6-A790-0CAFF0FA73BA}"
EndProject
Global
	GlobalSection(SolutionConfigurationPlatforms) = preSolution
		Debug|Any CPU = Debug|Any CPU
		Release|Any CPU = Release|Any CPU
	EndGlobalSection
	GlobalSection(ProjectConfigurationPlatforms) = postSolution
		{BAD1C661-6489-4FE6-A790-0CAFF0FA73BA}.Debug|Any CPU.ActiveCfg = Debug|Any CPU
		{BAD1C661-6489-4FE6-A790-0CAFF0FA73BA}.Debug|Any CPU.Build.0 = Debug|Any CPU
		{BAD1C661-6489-4FE6-A790-0CAFF0FA73BA}.Release|Any CPU.ActiveCfg = Release|Any CPU
		{BAD1C661-6489-4FE6-A790-0CAFF0FA73BA}.Release|Any CPU.Build.0 = Release|Any CPU
	EndGlobalSection
	GlobalSection(SolutionProperties) = preSolution
		HideSolutionNode = FALSE
	EndGlobalSection
	GlobalSection(ExtensibilityGlobals) = postSolution
		SolutionGuid = {EB16C0FA-3B4E-4C21-BAC9-0197BAE4D113}
	EndGlobalSection
EndGlobal
