
Microsoft Visual Studio Solution File, Format Version 12.00
# Visual Studio Version 16
VisualStudioVersion = 16.0.32228.343
MinimumVisualStudioVersion = 10.0.40219.1
Project("{FAE04EC0-301F-11D3-BF4B-00C04F79EFBC}") = "2293 동전 1", "2293 동전 1\2293 동전 1.csproj", "{C6EBFA47-559C-4608-B3BB-9EDFA7E1A428}"
EndProject
Global
	GlobalSection(SolutionConfigurationPlatforms) = preSolution
		Debug|Any CPU = Debug|Any CPU
		Release|Any CPU = Release|Any CPU
	EndGlobalSection
	GlobalSection(ProjectConfigurationPlatforms) = postSolution
		{C6EBFA47-559C-4608-B3BB-9EDFA7E1A428}.Debug|Any CPU.ActiveCfg = Debug|Any CPU
		{C6EBFA47-559C-4608-B3BB-9EDFA7E1A428}.Debug|Any CPU.Build.0 = Debug|Any CPU
		{C6EBFA47-559C-4608-B3BB-9EDFA7E1A428}.Release|Any CPU.ActiveCfg = Release|Any CPU
		{C6EBFA47-559C-4608-B3BB-9EDFA7E1A428}.Release|Any CPU.Build.0 = Release|Any CPU
	EndGlobalSection
	GlobalSection(SolutionProperties) = preSolution
		HideSolutionNode = FALSE
	EndGlobalSection
	GlobalSection(ExtensibilityGlobals) = postSolution
		SolutionGuid = {F122051E-2212-4799-B92A-4B6D3427E864}
	EndGlobalSection
EndGlobal
