
Microsoft Visual Studio Solution File, Format Version 12.00
# Visual Studio Version 16
VisualStudioVersion = 16.0.32106.194
MinimumVisualStudioVersion = 10.0.40219.1
Project("{FAE04EC0-301F-11D3-BF4B-00C04F79EFBC}") = "13913 숨바꼭질 4", "13913 숨바꼭질 4\13913 숨바꼭질 4.csproj", "{C40871CA-C380-4213-9751-04CF2E313E04}"
EndProject
Global
	GlobalSection(SolutionConfigurationPlatforms) = preSolution
		Debug|Any CPU = Debug|Any CPU
		Release|Any CPU = Release|Any CPU
	EndGlobalSection
	GlobalSection(ProjectConfigurationPlatforms) = postSolution
		{C40871CA-C380-4213-9751-04CF2E313E04}.Debug|Any CPU.ActiveCfg = Debug|Any CPU
		{C40871CA-C380-4213-9751-04CF2E313E04}.Debug|Any CPU.Build.0 = Debug|Any CPU
		{C40871CA-C380-4213-9751-04CF2E313E04}.Release|Any CPU.ActiveCfg = Release|Any CPU
		{C40871CA-C380-4213-9751-04CF2E313E04}.Release|Any CPU.Build.0 = Release|Any CPU
	EndGlobalSection
	GlobalSection(SolutionProperties) = preSolution
		HideSolutionNode = FALSE
	EndGlobalSection
	GlobalSection(ExtensibilityGlobals) = postSolution
		SolutionGuid = {DC2E8884-D47F-409B-9C7B-D785E06B0484}
	EndGlobalSection
EndGlobal
